
Microsoft Visual Studio Solution File, Format Version 12.00
# Visual Studio Version 17
VisualStudioVersion = 17.12.35506.116
MinimumVisualStudioVersion = 10.0.40219.1
Project("{FAE04EC0-301F-11D3-BF4B-00C04F79EFBC}") = "account_service", "account_service.csproj", "{39EF968F-381A-410E-8AB9-3CA093422948}"
EndProject
Project("{2150E333-8FDC-42A3-9474-1A3956D46DE8}") = "Elementy rozwiązania", "Elementy rozwiązania", "{D54080D1-21D9-4038-9836-744AAF315D4F}"
	ProjectSection(SolutionItems) = preProject
		docker_compose.yml = docker_compose.yml
	EndProjectSection
EndProject
Global
	GlobalSection(SolutionConfigurationPlatforms) = preSolution
		Debug|Any CPU = Debug|Any CPU
		Release|Any CPU = Release|Any CPU
	EndGlobalSection
	GlobalSection(ProjectConfigurationPlatforms) = postSolution
		{39EF968F-381A-410E-8AB9-3CA093422948}.Debug|Any CPU.ActiveCfg = Debug|Any CPU
		{39EF968F-381A-410E-8AB9-3CA093422948}.Debug|Any CPU.Build.0 = Debug|Any CPU
		{39EF968F-381A-410E-8AB9-3CA093422948}.Release|Any CPU.ActiveCfg = Release|Any CPU
		{39EF968F-381A-410E-8AB9-3CA093422948}.Release|Any CPU.Build.0 = Release|Any CPU
	EndGlobalSection
	GlobalSection(SolutionProperties) = preSolution
		HideSolutionNode = FALSE
	EndGlobalSection
EndGlobal
